<Solution>
  <Project Path="src/Sokna.PrintAgent.Core/Sokna.PrintAgent.Core.csproj" />
  <Project Path="src/Sokna.PrintAgent.Service/Sokna.PrintAgent.Service.csproj" />
  <Project Path="src/Sokna.PrintAgent.Worker/Sokna.PrintAgent.Worker.csproj" />
  <Project Path="src/Sokna.PrintAgent.Control/Sokna.PrintAgent.Control.csproj" />
  <Project Path="src/Sokna.PrintAgent.Setup/Sokna.PrintAgent.Setup.csproj" />
  <Project Path="tests/Sokna.PrintAgent.Tests/Sokna.PrintAgent.Tests.csproj" />
</Solution>
